# THIS IS AN AUTOGENERATED FILE. DO NOT EDIT THIS FILE DIRECTLY.
# yarn lockfile v1


boostrap@^1.0.0:
  version "1.0.0"
  resolved "https://registry.yarnpkg.com/boostrap/-/boostrap-1.0.0.tgz#edf224822c4b96fb021ca0f2fd93bac570a35130"

bootstrap@4.0.0-beta:
  version "4.0.0-beta"
  resolved "https://registry.yarnpkg.com/bootstrap/-/bootstrap-4.0.0-beta.tgz#dc5928175d2e71310bc668cf9e05a907211b72a6"

jquery@^3.2.1:
  version "3.2.1"
  resolved "https://registry.yarnpkg.com/jquery/-/jquery-3.2.1.tgz#5c4d9de652af6cd0a770154a631bba12b015c787"

popper.js@^1.11.1:
  version "1.11.1"
  resolved "https://registry.yarnpkg.com/popper.js/-/popper.js-1.11.1.tgz#f5aca9a73bca1ce1fdbd9be8b1ba68677cbdd8e0"
